{
  "name": "huawei-rh1288v5-webgl-qa",
  "version": "1.0.0",
  "lockfileVersion": 3,
  "requires": true,
  "packages": {
    "": {
      "name": "huawei-rh1288v5-webgl-qa",
      "version": "1.0.0",
      "dependencies": {
        "babylonjs": "8.26.0",
        "babylonjs-loaders": "8.26.0",
        "three": "0.180.0"
      }
    },
    "node_modules/babylonjs": {
      "version": "8.26.0",
      "resolved": "https://registry.npmjs.org/babylonjs/-/babylonjs-8.26.0.tgz",
      "integrity": "sha512-p1S/pYtNmvGmfcpvDQpjyiJ36pPN/ifyD0C7BuX/6naJqNuLkbO1hWsbzMljuWmtOTJ4Pf8h4reE56KyPHtddw==",
      "hasInstallScript": true,
      "license": "Apache-2.0"
    },
    "node_modules/babylonjs-gltf2interface": {
      "version": "8.56.2",
      "resolved": "https://registry.npmjs.org/babylonjs-gltf2interface/-/babylonjs-gltf2interface-8.56.2.tgz",
      "integrity": "sha512-c2k14C9mPR0pnfksjBdC4uXEos3t2IAYxcMgn5tI1OSC3aDfr6JAq4kADM4gfN9cUo2qIiDdSg6geUVeU8vi6w==",
      "license": "Apache-2.0"
    },
    "node_modules/babylonjs-loaders": {
      "version": "8.26.0",
      "resolved": "https://registry.npmjs.org/babylonjs-loaders/-/babylonjs-loaders-8.26.0.tgz",
      "integrity": "sha512-FqlAjjff9Mh1Fpd0u6psk/URHB6odtgCNQhZ65QDyYsXpcxduzbnevOfeIvg/PhK8E89BbPjILy8pR00KjAkiw==",
      "license": "Apache-2.0",
      "dependencies": {
        "babylonjs": "^8.26.0",
        "babylonjs-gltf2interface": "^8.26.0"
      }
    },
    "node_modules/three": {
      "version": "0.180.0",
      "resolved": "https://registry.npmjs.org/three/-/three-0.180.0.tgz",
      "integrity": "sha512-o+qycAMZrh+TsE01GqWUxUIKR1AL0S8pq7zDkYOQw8GqfX8b8VoCKYUoHbhiX5j+7hr8XsuHDVU6+gkQJQKg9w==",
      "license": "MIT"
    }
  }
}
