{
  "name": "dell-c6300-c6320-independent-webgl-gates",
  "version": "1.0.0",
  "lockfileVersion": 3,
  "requires": true,
  "packages": {
    "": {
      "name": "dell-c6300-c6320-independent-webgl-gates",
      "version": "1.0.0",
      "dependencies": {
        "babylonjs": "9.22.1",
        "babylonjs-loaders": "9.22.1",
        "three": "0.185.1"
      }
    },
    "node_modules/babylonjs": {
      "version": "9.22.1",
      "resolved": "https://registry.npmjs.org/babylonjs/-/babylonjs-9.22.1.tgz",
      "integrity": "sha512-OI0wYurHav8dhE5KzHrvVflGDpp4JMup8jJlBcAUS8in7hlZO6BTv7b49HchlO/Nk4P0wFZs3bcbSSZhSfXu+g==",
      "hasInstallScript": true,
      "license": "Apache-2.0"
    },
    "node_modules/babylonjs-gltf2interface": {
      "version": "9.22.1",
      "resolved": "https://registry.npmjs.org/babylonjs-gltf2interface/-/babylonjs-gltf2interface-9.22.1.tgz",
      "integrity": "sha512-RfOiN+gTHOlf7Uj+HHZM9jqFnofo4sAUPyEe69A9UHw6794b4ySHYb59K+wW8Id6QN7jkPWNTg7Up1WYArtzOg==",
      "license": "Apache-2.0"
    },
    "node_modules/babylonjs-loaders": {
      "version": "9.22.1",
      "resolved": "https://registry.npmjs.org/babylonjs-loaders/-/babylonjs-loaders-9.22.1.tgz",
      "integrity": "sha512-uATMxUAIBm+/ulID61k6GKtEqwFfaPN+SflCYiLooqhmhe3S/09HPYT3Sb020eaRowjFMPip9tLXD3nJhSEKsA==",
      "license": "Apache-2.0",
      "dependencies": {
        "babylonjs": "9.22.1",
        "babylonjs-gltf2interface": "9.22.1"
      }
    },
    "node_modules/three": {
      "version": "0.185.1",
      "resolved": "https://registry.npmjs.org/three/-/three-0.185.1.tgz",
      "integrity": "sha512-5aojFCXKwnjBRZvUnt3WFfEcvUJgkN5LlijRFN95hMy8WVkG4I0QNcJE+OuWvuJ0bOdStrbfXn0pkd6/QyiAlg==",
      "license": "MIT"
    }
  }
}
