{
  "name": "dell-r730-3-5inch-exact-asset",
  "lockfileVersion": 3,
  "requires": true,
  "packages": {
    "": {
      "name": "dell-r730-3-5inch-exact-asset",
      "dependencies": {
        "@gltf-transform/core": "^4.2.1",
        "@gltf-transform/extensions": "^4.2.1",
        "babylonjs": "^8.26.1",
        "babylonjs-loaders": "^8.26.1",
        "playwright": "^1.58.2",
        "three": "^0.185.0"
      }
    },
    "node_modules/@gltf-transform/core": {
      "version": "4.4.2",
      "resolved": "https://registry.npmjs.org/@gltf-transform/core/-/core-4.4.2.tgz",
      "integrity": "sha512-qsWKwNSwK+2s834Mt4xbYcyHqCrgNFP7hIv5s487JxebngRfDgelpghNF+kSswGb2/NuapasfK3UViFoSJJoMg==",
      "license": "MIT",
      "dependencies": {
        "property-graph": "^4.1.0"
      },
      "funding": {
        "url": "https://github.com/sponsors/donmccurdy"
      }
    },
    "node_modules/@gltf-transform/extensions": {
      "version": "4.4.2",
      "resolved": "https://registry.npmjs.org/@gltf-transform/extensions/-/extensions-4.4.2.tgz",
      "integrity": "sha512-HJH1FM+edC5eNvl6xO0SOXJ/j/3oDoIpSu150OTdJaLBoM3TgCCGIfh4wyhgWAqZrkvgHKVGiZKxcKV5LkgPCQ==",
      "license": "MIT",
      "dependencies": {
        "@gltf-transform/core": "^4.4.2",
        "ktx-parse": "^1.1.0"
      },
      "funding": {
        "url": "https://github.com/sponsors/donmccurdy"
      }
    },
    "node_modules/babylonjs": {
      "version": "8.56.2",
      "resolved": "https://registry.npmjs.org/babylonjs/-/babylonjs-8.56.2.tgz",
      "integrity": "sha512-fQdVZfjccdlbQqrRH0nZMJuLnFtIW2wUVIjRaUqXSNLSlq/OgFKG+dDODHGpZqmJHO6WIOJB/mWxIUCKQrjV8Q==",
      "hasInstallScript": true,
      "license": "Apache-2.0"
    },
    "node_modules/babylonjs-gltf2interface": {
      "version": "8.56.2",
      "resolved": "https://registry.npmjs.org/babylonjs-gltf2interface/-/babylonjs-gltf2interface-8.56.2.tgz",
      "integrity": "sha512-c2k14C9mPR0pnfksjBdC4uXEos3t2IAYxcMgn5tI1OSC3aDfr6JAq4kADM4gfN9cUo2qIiDdSg6geUVeU8vi6w==",
      "license": "Apache-2.0"
    },
    "node_modules/babylonjs-loaders": {
      "version": "8.56.2",
      "resolved": "https://registry.npmjs.org/babylonjs-loaders/-/babylonjs-loaders-8.56.2.tgz",
      "integrity": "sha512-etSDzgChx6of2U9V1WydK2KUBp3NdSbXIH3GC+iCjfguOemrsh50nlyC9guw1XkElr3IwHrN30lc+wgXQySq4A==",
      "license": "Apache-2.0",
      "dependencies": {
        "babylonjs": "8.56.2",
        "babylonjs-gltf2interface": "8.56.2"
      }
    },
    "node_modules/fsevents": {
      "version": "2.3.2",
      "resolved": "https://registry.npmjs.org/fsevents/-/fsevents-2.3.2.tgz",
      "integrity": "sha512-xiqMQR4xAeHTuB9uWm+fFRcIOgKBMiOBP+eXiyT7jsgVCq1bkVygt00oASowB7EdtpOHaaPgKt812P9ab+DDKA==",
      "hasInstallScript": true,
      "license": "MIT",
      "optional": true,
      "os": [
        "darwin"
      ],
      "engines": {
        "node": "^8.16.0 || ^10.6.0 || >=11.0.0"
      }
    },
    "node_modules/ktx-parse": {
      "version": "1.1.0",
      "resolved": "https://registry.npmjs.org/ktx-parse/-/ktx-parse-1.1.0.tgz",
      "integrity": "sha512-mKp3y+FaYgR7mXWAbyyzpa/r1zDWeaunH+INJO4fou3hb45XuNSwar+7llrRyvpMWafxSIi99RNFJ05MHedaJQ==",
      "license": "MIT"
    },
    "node_modules/playwright": {
      "version": "1.62.1",
      "resolved": "https://registry.npmjs.org/playwright/-/playwright-1.62.1.tgz",
      "integrity": "sha512-0M+L3LAD8/nm554LOla9Ayx0j0tmFZ0FBcoQ7F1VuVHpM/XpiC8RcDzBQB8W5+hA8L22THxELzeF+2WcUzvcLg==",
      "license": "Apache-2.0",
      "dependencies": {
        "playwright-core": "1.62.1"
      },
      "bin": {
        "playwright": "cli.js"
      },
      "engines": {
        "node": ">=20"
      },
      "optionalDependencies": {
        "fsevents": "2.3.2"
      }
    },
    "node_modules/playwright-core": {
      "version": "1.62.1",
      "resolved": "https://registry.npmjs.org/playwright-core/-/playwright-core-1.62.1.tgz",
      "integrity": "sha512-wPYSwEBJY9GHraISXqyqtx0na0LpO3XEX7jNDhntbex7tzUS7kLnZsOlFruFJB4Hi/rhDMjXGqHewDZ68nYZVw==",
      "license": "Apache-2.0",
      "bin": {
        "playwright-core": "cli.js"
      },
      "engines": {
        "node": ">=20"
      }
    },
    "node_modules/property-graph": {
      "version": "4.1.0",
      "resolved": "https://registry.npmjs.org/property-graph/-/property-graph-4.1.0.tgz",
      "integrity": "sha512-AvPcP7XECNWy4LGmFQ77k7un4lSKM4eS29PTvW4ck95uYeLxXPWJM7hLuBqK91FaHqCcgJvIUCuNJjjxKE7VKQ==",
      "license": "MIT"
    },
    "node_modules/three": {
      "version": "0.185.1",
      "resolved": "https://registry.npmjs.org/three/-/three-0.185.1.tgz",
      "integrity": "sha512-5aojFCXKwnjBRZvUnt3WFfEcvUJgkN5LlijRFN95hMy8WVkG4I0QNcJE+OuWvuJ0bOdStrbfXn0pkd6/QyiAlg==",
      "license": "MIT"
    }
  }
}
