{
  "name": "viewer",
  "lockfileVersion": 3,
  "requires": true,
  "packages": {
    "": {
      "dependencies": {
        "@babylonjs/core": "^9.22.1",
        "@babylonjs/loaders": "^9.22.1",
        "@gltf-transform/core": "^4.4.2",
        "@gltf-transform/extensions": "^4.4.2",
        "three": "^0.185.1"
      }
    },
    "node_modules/@babylonjs/core": {
      "version": "9.22.1",
      "resolved": "https://registry.npmjs.org/@babylonjs/core/-/core-9.22.1.tgz",
      "integrity": "sha512-Aa27Ngp3nGSAei4MKBOMpvy/qoXp+Pb0Ds4+peLCXTAO3NKkKL2jZj74zaD2EONefX41yttzMYdrInpKvZm/oQ==",
      "license": "Apache-2.0"
    },
    "node_modules/@babylonjs/loaders": {
      "version": "9.22.1",
      "resolved": "https://registry.npmjs.org/@babylonjs/loaders/-/loaders-9.22.1.tgz",
      "integrity": "sha512-Ecjaxa0/R/tWM7if3p/YwpcXwBHu8UtJr8y0u7Ka/2QsF0hH05T0TOSjZG1DYH5I1lwcmupJQfSG8CiGulsc2Q==",
      "license": "Apache-2.0",
      "peerDependencies": {
        "@babylonjs/core": "^9.0.0",
        "babylonjs-gltf2interface": "^9.0.0"
      }
    },
    "node_modules/@gltf-transform/core": {
      "version": "4.4.2",
      "resolved": "https://registry.npmjs.org/@gltf-transform/core/-/core-4.4.2.tgz",
      "integrity": "sha512-qsWKwNSwK+2s834Mt4xbYcyHqCrgNFP7hIv5s487JxebngRfDgelpghNF+kSswGb2/NuapasfK3UViFoSJJoMg==",
      "license": "MIT",
      "dependencies": {
        "property-graph": "^4.1.0"
      },
      "funding": {
        "url": "https://github.com/sponsors/donmccurdy"
      }
    },
    "node_modules/@gltf-transform/extensions": {
      "version": "4.4.2",
      "resolved": "https://registry.npmjs.org/@gltf-transform/extensions/-/extensions-4.4.2.tgz",
      "integrity": "sha512-HJH1FM+edC5eNvl6xO0SOXJ/j/3oDoIpSu150OTdJaLBoM3TgCCGIfh4wyhgWAqZrkvgHKVGiZKxcKV5LkgPCQ==",
      "license": "MIT",
      "dependencies": {
        "@gltf-transform/core": "^4.4.2",
        "ktx-parse": "^1.1.0"
      },
      "funding": {
        "url": "https://github.com/sponsors/donmccurdy"
      }
    },
    "node_modules/babylonjs-gltf2interface": {
      "version": "9.22.1",
      "resolved": "https://registry.npmjs.org/babylonjs-gltf2interface/-/babylonjs-gltf2interface-9.22.1.tgz",
      "integrity": "sha512-RfOiN+gTHOlf7Uj+HHZM9jqFnofo4sAUPyEe69A9UHw6794b4ySHYb59K+wW8Id6QN7jkPWNTg7Up1WYArtzOg==",
      "license": "Apache-2.0",
      "peer": true
    },
    "node_modules/ktx-parse": {
      "version": "1.1.0",
      "resolved": "https://registry.npmjs.org/ktx-parse/-/ktx-parse-1.1.0.tgz",
      "integrity": "sha512-mKp3y+FaYgR7mXWAbyyzpa/r1zDWeaunH+INJO4fou3hb45XuNSwar+7llrRyvpMWafxSIi99RNFJ05MHedaJQ==",
      "license": "MIT"
    },
    "node_modules/property-graph": {
      "version": "4.1.0",
      "resolved": "https://registry.npmjs.org/property-graph/-/property-graph-4.1.0.tgz",
      "integrity": "sha512-AvPcP7XECNWy4LGmFQ77k7un4lSKM4eS29PTvW4ck95uYeLxXPWJM7hLuBqK91FaHqCcgJvIUCuNJjjxKE7VKQ==",
      "license": "MIT"
    },
    "node_modules/three": {
      "version": "0.185.1",
      "resolved": "https://registry.npmjs.org/three/-/three-0.185.1.tgz",
      "integrity": "sha512-5aojFCXKwnjBRZvUnt3WFfEcvUJgkN5LlijRFN95hMy8WVkG4I0QNcJE+OuWvuJ0bOdStrbfXn0pkd6/QyiAlg==",
      "license": "MIT"
    }
  }
}
