{
  "name": "fortinet-fg3700d-dual-webgl-qa",
  "lockfileVersion": 3,
  "requires": true,
  "packages": {
    "": {
      "name": "fortinet-fg3700d-dual-webgl-qa",
      "dependencies": {
        "babylonjs": "8.22.2",
        "babylonjs-loaders": "8.22.2",
        "three": "0.179.1"
      }
    },
    "node_modules/babylonjs": {
      "version": "8.22.2",
      "resolved": "https://registry.npmjs.org/babylonjs/-/babylonjs-8.22.2.tgz",
      "integrity": "sha512-Ws13m3zSMdys7Nf6AM1eYm8cnTyCZXMy0UNJC6GiBypkpz1Ku9VcqxHn9smUJFwJY6dhvUZmntWy1NtSWicDOA==",
      "hasInstallScript": true,
      "license": "Apache-2.0"
    },
    "node_modules/babylonjs-gltf2interface": {
      "version": "8.56.2",
      "resolved": "https://registry.npmjs.org/babylonjs-gltf2interface/-/babylonjs-gltf2interface-8.56.2.tgz",
      "integrity": "sha512-c2k14C9mPR0pnfksjBdC4uXEos3t2IAYxcMgn5tI1OSC3aDfr6JAq4kADM4gfN9cUo2qIiDdSg6geUVeU8vi6w==",
      "license": "Apache-2.0"
    },
    "node_modules/babylonjs-loaders": {
      "version": "8.22.2",
      "resolved": "https://registry.npmjs.org/babylonjs-loaders/-/babylonjs-loaders-8.22.2.tgz",
      "integrity": "sha512-miYF4puiyVThW0JWHac2ryqWE7O0u3GvjnVtNFU+iSaz6iils8Dl5hFUqzQquppkCJVZpZKE4WDCHV2olfNNJQ==",
      "license": "Apache-2.0",
      "dependencies": {
        "babylonjs": "^8.22.2",
        "babylonjs-gltf2interface": "^8.22.2"
      }
    },
    "node_modules/three": {
      "version": "0.179.1",
      "resolved": "https://registry.npmjs.org/three/-/three-0.179.1.tgz",
      "integrity": "sha512-5y/elSIQbrvKOISxpwXCR4sQqHtGiOI+MKLc3SsBdDXA2hz3Mdp3X59aUp8DyybMa34aeBwbFTpdoLJaUDEWSw==",
      "license": "MIT"
    }
  }
}
